
Microsoft Visual Studio Solution File, Format Version 12.00
# Visual Studio Version 17
VisualStudioVersion = 17.3.32825.248
MinimumVisualStudioVersion = 10.0.40219.1
Project("{9A19103F-16F7-4668-BE54-9A1E7A4F7556}") = "MVVMWithValildationExample", "MVVMWithValildationExample.csproj", "{D01C7B0F-91EF-4872-BE23-6EB6BDF1E666}"
EndProject
Global
	GlobalSection(SolutionConfigurationPlatforms) = preSolution
		Debug|Any CPU = Debug|Any CPU
		Release|Any CPU = Release|Any CPU
	EndGlobalSection
	GlobalSection(ProjectConfigurationPlatforms) = postSolution
		{D01C7B0F-91EF-4872-BE23-6EB6BDF1E666}.Debug|Any CPU.ActiveCfg = Debug|Any CPU
		{D01C7B0F-91EF-4872-BE23-6EB6BDF1E666}.Debug|Any CPU.Build.0 = Debug|Any CPU
		{D01C7B0F-91EF-4872-BE23-6EB6BDF1E666}.Release|Any CPU.ActiveCfg = Release|Any CPU
		{D01C7B0F-91EF-4872-BE23-6EB6BDF1E666}.Release|Any CPU.Build.0 = Release|Any CPU
	EndGlobalSection
	GlobalSection(SolutionProperties) = preSolution
		HideSolutionNode = FALSE
	EndGlobalSection
	GlobalSection(ExtensibilityGlobals) = postSolution
		SolutionGuid = {BC422457-8D91-4C26-A2CE-7C5835117B28}
	EndGlobalSection
EndGlobal
